
Microsoft Visual Studio Solution File, Format Version 12.00
# Visual Studio Version 16
VisualStudioVersion = 16.0.30011.22
MinimumVisualStudioVersion = 10.0.40219.1
Project("{FAE04EC0-301F-11D3-BF4B-00C04F79EFBC}") = "WpfApp1", "WpfApp1\WpfApp1.csproj", "{B659B287-BBF1-4BCF-AD82-4DE6F3AB6EE3}"
EndProject
Project("{54435603-DBB4-11D2-8724-00A0C9A8B90C}") = "KeyTest", "C:\Users\realHydrogen\Desktop\KeyTest\KeyTest.vdproj", "{F5BC79DB-8827-413C-A5C4-5686A94B1B8B}"
EndProject
Global
	GlobalSection(SolutionConfigurationPlatforms) = preSolution
		Debug|Any CPU = Debug|Any CPU
		Release|Any CPU = Release|Any CPU
	EndGlobalSection
	GlobalSection(ProjectConfigurationPlatforms) = postSolution
		{B659B287-BBF1-4BCF-AD82-4DE6F3AB6EE3}.Debug|Any CPU.ActiveCfg = Debug|Any CPU
		{B659B287-BBF1-4BCF-AD82-4DE6F3AB6EE3}.Debug|Any CPU.Build.0 = Debug|Any CPU
		{B659B287-BBF1-4BCF-AD82-4DE6F3AB6EE3}.Release|Any CPU.ActiveCfg = Release|Any CPU
		{B659B287-BBF1-4BCF-AD82-4DE6F3AB6EE3}.Release|Any CPU.Build.0 = Release|Any CPU
		{F5BC79DB-8827-413C-A5C4-5686A94B1B8B}.Debug|Any CPU.ActiveCfg = Debug
		{F5BC79DB-8827-413C-A5C4-5686A94B1B8B}.Release|Any CPU.ActiveCfg = Release
	EndGlobalSection
	GlobalSection(SolutionProperties) = preSolution
		HideSolutionNode = FALSE
	EndGlobalSection
	GlobalSection(ExtensibilityGlobals) = postSolution
		SolutionGuid = {6C9D6C1F-F230-44C5-9BBC-532D69D272E7}
	EndGlobalSection
EndGlobal
